
Microsoft Visual Studio Solution File, Format Version 12.00
# Visual Studio Version 17
VisualStudioVersion = 17.9.34728.123
MinimumVisualStudioVersion = 10.0.40219.1
Project("{FAE04EC0-301F-11D3-BF4B-00C04F79EFBC}") = "WebAPICore8", "WebAPICore8.csproj", "{781592CF-2A7A-4B65-9A9B-D5291D05B9E7}"
EndProject
Global
	GlobalSection(SolutionConfigurationPlatforms) = preSolution
		Debug|Any CPU = Debug|Any CPU
		Release|Any CPU = Release|Any CPU
	EndGlobalSection
	GlobalSection(ProjectConfigurationPlatforms) = postSolution
		{781592CF-2A7A-4B65-9A9B-D5291D05B9E7}.Debug|Any CPU.ActiveCfg = Debug|Any CPU
		{781592CF-2A7A-4B65-9A9B-D5291D05B9E7}.Debug|Any CPU.Build.0 = Debug|Any CPU
		{781592CF-2A7A-4B65-9A9B-D5291D05B9E7}.Release|Any CPU.ActiveCfg = Release|Any CPU
		{781592CF-2A7A-4B65-9A9B-D5291D05B9E7}.Release|Any CPU.Build.0 = Release|Any CPU
	EndGlobalSection
	GlobalSection(SolutionProperties) = preSolution
		HideSolutionNode = FALSE
	EndGlobalSection
	GlobalSection(ExtensibilityGlobals) = postSolution
		SolutionGuid = {DAD3E944-200A-4C74-B701-B0D79DB3989A}
	EndGlobalSection
EndGlobal
